
Microsoft Visual Studio Solution File, Format Version 12.00
# Visual Studio Version 16
VisualStudioVersion = 16.0.30011.22
MinimumVisualStudioVersion = 10.0.40219.1
Project("{9A19103F-16F7-4668-BE54-9A1E7A4F7556}") = "Jogger", "Jogger\Jogger.csproj", "{9E50E27A-1377-4B5F-AD7E-5835E3B698E0}"
EndProject
Project("{9A19103F-16F7-4668-BE54-9A1E7A4F7556}") = "JoggerTests", "JoggerTests\JoggerTests.csproj", "{1D5EA740-7A1E-4E24-952F-D78F979EAA1D}"
EndProject
Project("{FAE04EC0-301F-11D3-BF4B-00C04F79EFBC}") = "JoggerBLL", "JoggerBLL\JoggerBLL.csproj", "{097E9593-3575-405E-BF07-D3716A4F3020}"
EndProject
Global
	GlobalSection(SolutionConfigurationPlatforms) = preSolution
		Debug|Any CPU = Debug|Any CPU
		Debug|x64 = Debug|x64
		Release|Any CPU = Release|Any CPU
		Release|x64 = Release|x64
	EndGlobalSection
	GlobalSection(ProjectConfigurationPlatforms) = postSolution
		{9E50E27A-1377-4B5F-AD7E-5835E3B698E0}.Debug|Any CPU.ActiveCfg = Release|Any CPU
		{9E50E27A-1377-4B5F-AD7E-5835E3B698E0}.Debug|Any CPU.Build.0 = Release|Any CPU
		{9E50E27A-1377-4B5F-AD7E-5835E3B698E0}.Debug|x64.ActiveCfg = Debug|x64
		{9E50E27A-1377-4B5F-AD7E-5835E3B698E0}.Debug|x64.Build.0 = Debug|x64
		{9E50E27A-1377-4B5F-AD7E-5835E3B698E0}.Release|Any CPU.ActiveCfg = Release|Any CPU
		{9E50E27A-1377-4B5F-AD7E-5835E3B698E0}.Release|Any CPU.Build.0 = Release|Any CPU
		{9E50E27A-1377-4B5F-AD7E-5835E3B698E0}.Release|x64.ActiveCfg = Release|x64
		{9E50E27A-1377-4B5F-AD7E-5835E3B698E0}.Release|x64.Build.0 = Release|x64
		{1D5EA740-7A1E-4E24-952F-D78F979EAA1D}.Debug|Any CPU.ActiveCfg = Debug|Any CPU
		{1D5EA740-7A1E-4E24-952F-D78F979EAA1D}.Debug|Any CPU.Build.0 = Debug|Any CPU
		{1D5EA740-7A1E-4E24-952F-D78F979EAA1D}.Debug|x64.ActiveCfg = Debug|Any CPU
		{1D5EA740-7A1E-4E24-952F-D78F979EAA1D}.Debug|x64.Build.0 = Debug|Any CPU
		{1D5EA740-7A1E-4E24-952F-D78F979EAA1D}.Release|Any CPU.ActiveCfg = Release|Any CPU
		{1D5EA740-7A1E-4E24-952F-D78F979EAA1D}.Release|Any CPU.Build.0 = Release|Any CPU
		{1D5EA740-7A1E-4E24-952F-D78F979EAA1D}.Release|x64.ActiveCfg = Release|Any CPU
		{1D5EA740-7A1E-4E24-952F-D78F979EAA1D}.Release|x64.Build.0 = Release|Any CPU
		{097E9593-3575-405E-BF07-D3716A4F3020}.Debug|Any CPU.ActiveCfg = Debug|Any CPU
		{097E9593-3575-405E-BF07-D3716A4F3020}.Debug|Any CPU.Build.0 = Debug|Any CPU
		{097E9593-3575-405E-BF07-D3716A4F3020}.Debug|x64.ActiveCfg = Debug|Any CPU
		{097E9593-3575-405E-BF07-D3716A4F3020}.Debug|x64.Build.0 = Debug|Any CPU
		{097E9593-3575-405E-BF07-D3716A4F3020}.Release|Any CPU.ActiveCfg = Release|Any CPU
		{097E9593-3575-405E-BF07-D3716A4F3020}.Release|Any CPU.Build.0 = Release|Any CPU
		{097E9593-3575-405E-BF07-D3716A4F3020}.Release|x64.ActiveCfg = Release|Any CPU
		{097E9593-3575-405E-BF07-D3716A4F3020}.Release|x64.Build.0 = Release|Any CPU
	EndGlobalSection
	GlobalSection(SolutionProperties) = preSolution
		HideSolutionNode = FALSE
	EndGlobalSection
	GlobalSection(ExtensibilityGlobals) = postSolution
		SolutionGuid = {3742BACB-55B1-419E-A98B-0766F432D576}
	EndGlobalSection
EndGlobal
