
Microsoft Visual Studio Solution File, Format Version 12.00
# Visual Studio Version 16
VisualStudioVersion = 16.0.30011.22
MinimumVisualStudioVersion = 10.0.40219.1
Project("{FAE04EC0-301F-11D3-BF4B-00C04F79EFBC}") = "Jogger", "Jogger\Jogger.csproj", "{9E50E27A-1377-4B5F-AD7E-5835E3B698E0}"
EndProject
Global
	GlobalSection(SolutionConfigurationPlatforms) = preSolution
		Debug|Any CPU = Debug|Any CPU
		Release|Any CPU = Release|Any CPU
	EndGlobalSection
	GlobalSection(ProjectConfigurationPlatforms) = postSolution
		{9E50E27A-1377-4B5F-AD7E-5835E3B698E0}.Debug|Any CPU.ActiveCfg = Debug|Any CPU
		{9E50E27A-1377-4B5F-AD7E-5835E3B698E0}.Debug|Any CPU.Build.0 = Debug|Any CPU
		{9E50E27A-1377-4B5F-AD7E-5835E3B698E0}.Release|Any CPU.ActiveCfg = Release|Any CPU
		{9E50E27A-1377-4B5F-AD7E-5835E3B698E0}.Release|Any CPU.Build.0 = Release|Any CPU
	EndGlobalSection
	GlobalSection(SolutionProperties) = preSolution
		HideSolutionNode = FALSE
	EndGlobalSection
	GlobalSection(ExtensibilityGlobals) = postSolution
		SolutionGuid = {3742BACB-55B1-419E-A98B-0766F432D576}
	EndGlobalSection
EndGlobal
